DEPENDENCIES
  git
    git: git://github.com/chef-cookbooks/git.git
    revision: 1a564cb76e0d8f9587ca84bf40131f95e907d81a
  java
    git: git://github.com/agileorbit-cookbooks/java.git
    revision: 8b2d4167321ac133cd653f8e8b2021a0ee3148a2
  locale
    git: git://github.com/hw-cookbooks/locale.git
    revision: 82b365ba140fe303a5c137aa4a7cc1ad44791bf4
  nodejs
    git: git://github.com/redguide/nodejs.git
    revision: ec7d9df5c1a8cff1b10c4c047dc9233b33f24e19
  ruby_build
    git: git://github.com/fnichol/chef-ruby_build.git
    revision: 4d3361995a6953076951693eff1b326ab499fe1e
  ruby_rbenv
    git: git://github.com/chef-rbenv/ruby_rbenv.git
    revision: e8efda4649b843c6ef60a8cfe32794d3f52bd612
  sudo
    git: git://github.com/chef-cookbooks/sudo.git
    revision: 001ed2b784faa9c61be0c8a0ec45cfe3e11187ca
  timezone-ii
    git: git://github.com/L2G/timezone-ii.git
    revision: 28c9e49c58c534e798cf01a77a9373c4c54f4587
  users
    git: git://github.com/chef-cookbooks/users.git
    revision: 453bfa9d9f6dea165182ca170fbc00fb26568c03

GRAPH
  7-zip (1.0.2)
    windows (>= 1.2.2)
  apt (2.9.2)
  ark (1.0.1)
    build-essential (>= 0.0.0)
    seven_zip (>= 0.0.0)
    windows (>= 0.0.0)
  build-essential (2.3.1)
    7-zip (>= 0.0.0)
  chef_handler (1.3.0)
  dmg (2.3.0)
  git (4.3.7)
    build-essential (>= 0.0.0)
    dmg (>= 0.0.0)
    windows (>= 0.0.0)
    yum-epel (>= 0.0.0)
  homebrew (2.0.5)
    build-essential (>= 2.1.2)
  java (1.39.0)
    apt (>= 0.0.0)
  locale (1.0.3)
  nodejs (2.4.5)
    apt (>= 0.0.0)
    ark (>= 0.0.0)
    build-essential (>= 0.0.0)
    homebrew (>= 0.0.0)
    yum-epel (>= 0.0.0)
  ruby_build (0.8.1)
  ruby_rbenv (1.0.1)
    java (> 1.4.0)
    ruby_build (>= 0.0.0)
  seven_zip (2.0.0)
    windows (>= 1.2.2)
  sudo (2.9.0)
  timezone-ii (0.2.9992)
  users (2.0.3)
  windows (1.39.1)
    chef_handler (>= 0.0.0)
  yum (3.10.0)
  yum-epel (0.6.5)
    yum (~> 3.2)
